// !$*UTF8*$!
{
	archiveVersion = 1;
	classes = {
	};
	objectVersion = 51;
	objects = {

/* Begin PBXBuildFile section */
		1437BEEF23277AAA003D1DB3 /* IJKMediaFramework.framework in Frameworks */ = {isa = PBXBuildFile; fileRef = 1437BEE8232779F7003D1DB3 /* IJKMediaFramework.framework */; };
		1437BEF323277BC8003D1DB3 /* FCPlayerViewController.m in Sources */ = {isa = PBXBuildFile; fileRef = 1437BEF123277BC8003D1DB3 /* FCPlayerViewController.m */; };
		1437BEF423277BC8003D1DB3 /* FCPlayerViewController.xib in Resources */ = {isa = PBXBuildFile; fileRef = 1437BEF223277BC8003D1DB3 /* FCPlayerViewController.xib */; };
		1437BEF623277EE3003D1DB3 /* AudioToolbox.framework in Frameworks */ = {isa = PBXBuildFile; fileRef = 1437BEF523277EE3003D1DB3 /* AudioToolbox.framework */; };
		1437BEF823277EF6003D1DB3 /* OpenGLES.framework in Frameworks */ = {isa = PBXBuildFile; fileRef = 1437BEF723277EF6003D1DB3 /* OpenGLES.framework */; };
		1437BEFA23277F08003D1DB3 /* VideoToolbox.framework in Frameworks */ = {isa = PBXBuildFile; fileRef = 1437BEF923277F08003D1DB3 /* VideoToolbox.framework */; };
		1437BEFC23277F2C003D1DB3 /* AVFoundation.framework in Frameworks */ = {isa = PBXBuildFile; fileRef = 1437BEFB23277F2C003D1DB3 /* AVFoundation.framework */; };
		1437BEFE23277F38003D1DB3 /* CoreMedia.framework in Frameworks */ = {isa = PBXBuildFile; fileRef = 1437BEFD23277F38003D1DB3 /* CoreMedia.framework */; };
		1437BF0023277F40003D1DB3 /* CoreVideo.framework in Frameworks */ = {isa = PBXBuildFile; fileRef = 1437BEFF23277F40003D1DB3 /* CoreVideo.framework */; };
		1437BF0223277F54003D1DB3 /* libbz2.tbd in Frameworks */ = {isa = PBXBuildFile; fileRef = 1437BF0123277F54003D1DB3 /* libbz2.tbd */; };
		1437BF0423277F5B003D1DB3 /* libz.tbd in Frameworks */ = {isa = PBXBuildFile; fileRef = 1437BF0323277F5B003D1DB3 /* libz.tbd */; };
		1437BF0623277F8D003D1DB3 /* MediaPlayer.framework in Frameworks */ = {isa = PBXBuildFile; fileRef = 1437BF0523277F8C003D1DB3 /* MediaPlayer.framework */; };
		1437BF0823277F99003D1DB3 /* MobileCoreServices.framework in Frameworks */ = {isa = PBXBuildFile; fileRef = 1437BF0723277F99003D1DB3 /* MobileCoreServices.framework */; };
		1437BF0A23277FC4003D1DB3 /* CoreGraphics.framework in Frameworks */ = {isa = PBXBuildFile; fileRef = 1437BF0923277FC4003D1DB3 /* CoreGraphics.framework */; };
		1437BF0C23277FD9003D1DB3 /* QuartzCore.framework in Frameworks */ = {isa = PBXBuildFile; fileRef = 1437BF0B23277FD9003D1DB3 /* QuartzCore.framework */; };
		1437BF0E2327806E003D1DB3 /* libc++.tbd in Frameworks */ = {isa = PBXBuildFile; fileRef = 1437BF0D2327806E003D1DB3 /* libc++.tbd */; };
		1447F01D23190B8A001786F4 /* AppDelegate.m in Sources */ = {isa = PBXBuildFile; fileRef = 1447F01C23190B8A001786F4 /* AppDelegate.m */; };
		1447F02023190B8A001786F4 /* ViewController.m in Sources */ = {isa = PBXBuildFile; fileRef = 1447F01F23190B8A001786F4 /* ViewController.m */; };
		1447F02323190B8A001786F4 /* Main.storyboard in Resources */ = {isa = PBXBuildFile; fileRef = 1447F02123190B8A001786F4 /* Main.storyboard */; };
		1447F02523190B8F001786F4 /* Assets.xcassets in Resources */ = {isa = PBXBuildFile; fileRef = 1447F02423190B8F001786F4 /* Assets.xcassets */; };
		1447F02823190B8F001786F4 /* LaunchScreen.storyboard in Resources */ = {isa = PBXBuildFile; fileRef = 1447F02623190B8F001786F4 /* LaunchScreen.storyboard */; };
		1447F02B23190B8F001786F4 /* main.m in Sources */ = {isa = PBXBuildFile; fileRef = 1447F02A23190B8F001786F4 /* main.m */; };
		1447F03423191044001786F4 /* FCRecordViewController.m in Sources */ = {isa = PBXBuildFile; fileRef = 1447F03223191044001786F4 /* FCRecordViewController.m */; };
		1447F037231939C3001786F4 /* FCRecordViewController.xib in Resources */ = {isa = PBXBuildFile; fileRef = 1447F036231939C3001786F4 /* FCRecordViewController.xib */; };
		4EEA4AEB231A0AD700090EC7 /* UIColor+Category.m in Sources */ = {isa = PBXBuildFile; fileRef = 4EEA4AE9231A0AD600090EC7 /* UIColor+Category.m */; };
		4EEA4AEF231BC35C00090EC7 /* FCGPURecordViewController.m in Sources */ = {isa = PBXBuildFile; fileRef = 4EEA4AED231BC35C00090EC7 /* FCGPURecordViewController.m */; };
		4EEA4AF0231BC35C00090EC7 /* FCGPURecordViewController.xib in Resources */ = {isa = PBXBuildFile; fileRef = 4EEA4AEE231BC35C00090EC7 /* FCGPURecordViewController.xib */; };
		73190F619DED51EBA1C89658 /* Pods_FCLive.framework in Frameworks */ = {isa = PBXBuildFile; fileRef = 4D82C122A2EB76A0AE1C898F /* Pods_FCLive.framework */; };
/* End PBXBuildFile section */

/* Begin PBXContainerItemProxy section */
		1437BEE7232779F7003D1DB3 /* PBXContainerItemProxy */ = {
			isa = PBXContainerItemProxy;
			containerPortal = 1437BEE1232779F6003D1DB3 /* IJKMediaPlayer.xcodeproj */;
			proxyType = 2;
			remoteGlobalIDString = E654EA8A1B6B27E600B0F2D0;
			remoteInfo = IJKMediaFramework;
		};
		1437BEE9232779F7003D1DB3 /* PBXContainerItemProxy */ = {
			isa = PBXContainerItemProxy;
			containerPortal = 1437BEE1232779F6003D1DB3 /* IJKMediaPlayer.xcodeproj */;
			proxyType = 2;
			remoteGlobalIDString = 5450B0431E63EA4300568494;
			remoteInfo = IJKMediaFrameworkWithSSL;
		};
		1437BEEB232779F7003D1DB3 /* PBXContainerItemProxy */ = {
			isa = PBXContainerItemProxy;
			containerPortal = 1437BEE1232779F6003D1DB3 /* IJKMediaPlayer.xcodeproj */;
			proxyType = 2;
			remoteGlobalIDString = E654EA941B6B27E600B0F2D0;
			remoteInfo = IJKMediaFrameworkTests;
		};
		1437BEED23277A92003D1DB3 /* PBXContainerItemProxy */ = {
			isa = PBXContainerItemProxy;
			containerPortal = 1437BEE1232779F6003D1DB3 /* IJKMediaPlayer.xcodeproj */;
			proxyType = 1;
			remoteGlobalIDString = E654EA891B6B27E600B0F2D0;
			remoteInfo = IJKMediaFramework;
		};
/* End PBXContainerItemProxy section */

/* Begin PBXFileReference section */
		05E79ABDF16E235A2FA103FC /* Pods-FCLive.release.xcconfig */ = {isa = PBXFileReference; includeInIndex = 1; lastKnownFileType = text.xcconfig; name = "Pods-FCLive.release.xcconfig"; path = "Target Support Files/Pods-FCLive/Pods-FCLive.release.xcconfig"; sourceTree = "<group>"; };
		1437BEE1232779F6003D1DB3 /* IJKMediaPlayer.xcodeproj */ = {isa = PBXFileReference; lastKnownFileType = "wrapper.pb-project"; name = IJKMediaPlayer.xcodeproj; path = ../ijkplayer/ios/IJKMediaPlayer/IJKMediaPlayer.xcodeproj; sourceTree = "<group>"; };
		1437BEF023277BC8003D1DB3 /* FCPlayerViewController.h */ = {isa = PBXFileReference; lastKnownFileType = sourcecode.c.h; path = FCPlayerViewController.h; sourceTree = "<group>"; };
		1437BEF123277BC8003D1DB3 /* FCPlayerViewController.m */ = {isa = PBXFileReference; lastKnownFileType = sourcecode.c.objc; path = FCPlayerViewController.m; sourceTree = "<group>"; };
		1437BEF223277BC8003D1DB3 /* FCPlayerViewController.xib */ = {isa = PBXFileReference; lastKnownFileType = file.xib; path = FCPlayerViewController.xib; sourceTree = "<group>"; };
		1437BEF523277EE3003D1DB3 /* AudioToolbox.framework */ = {isa = PBXFileReference; lastKnownFileType = wrapper.framework; name = AudioToolbox.framework; path = System/Library/Frameworks/AudioToolbox.framework; sourceTree = SDKROOT; };
		1437BEF723277EF6003D1DB3 /* OpenGLES.framework */ = {isa = PBXFileReference; lastKnownFileType = wrapper.framework; name = OpenGLES.framework; path = System/Library/Frameworks/OpenGLES.framework; sourceTree = SDKROOT; };
		1437BEF923277F08003D1DB3 /* VideoToolbox.framework */ = {isa = PBXFileReference; lastKnownFileType = wrapper.framework; name = VideoToolbox.framework; path = System/Library/Frameworks/VideoToolbox.framework; sourceTree = SDKROOT; };
		1437BEFB23277F2C003D1DB3 /* AVFoundation.framework */ = {isa = PBXFileReference; lastKnownFileType = wrapper.framework; name = AVFoundation.framework; path = System/Library/Frameworks/AVFoundation.framework; sourceTree = SDKROOT; };
		1437BEFD23277F38003D1DB3 /* CoreMedia.framework */ = {isa = PBXFileReference; lastKnownFileType = wrapper.framework; name = CoreMedia.framework; path = System/Library/Frameworks/CoreMedia.framework; sourceTree = SDKROOT; };
		1437BEFF23277F40003D1DB3 /* CoreVideo.framework */ = {isa = PBXFileReference; lastKnownFileType = wrapper.framework; name = CoreVideo.framework; path = System/Library/Frameworks/CoreVideo.framework; sourceTree = SDKROOT; };
		1437BF0123277F54003D1DB3 /* libbz2.tbd */ = {isa = PBXFileReference; lastKnownFileType = "sourcecode.text-based-dylib-definition"; name = libbz2.tbd; path = usr/lib/libbz2.tbd; sourceTree = SDKROOT; };
		1437BF0323277F5B003D1DB3 /* libz.tbd */ = {isa = PBXFileReference; lastKnownFileType = "sourcecode.text-based-dylib-definition"; name = libz.tbd; path = usr/lib/libz.tbd; sourceTree = SDKROOT; };
		1437BF0523277F8C003D1DB3 /* MediaPlayer.framework */ = {isa = PBXFileReference; lastKnownFileType = wrapper.framework; name = MediaPlayer.framework; path = System/Library/Frameworks/MediaPlayer.framework; sourceTree = SDKROOT; };
		1437BF0723277F99003D1DB3 /* MobileCoreServices.framework */ = {isa = PBXFileReference; lastKnownFileType = wrapper.framework; name = MobileCoreServices.framework; path = System/Library/Frameworks/MobileCoreServices.framework; sourceTree = SDKROOT; };
		1437BF0923277FC4003D1DB3 /* CoreGraphics.framework */ = {isa = PBXFileReference; lastKnownFileType = wrapper.framework; name = CoreGraphics.framework; path = System/Library/Frameworks/CoreGraphics.framework; sourceTree = SDKROOT; };
		1437BF0B23277FD9003D1DB3 /* QuartzCore.framework */ = {isa = PBXFileReference; lastKnownFileType = wrapper.framework; name = QuartzCore.framework; path = System/Library/Frameworks/QuartzCore.framework; sourceTree = SDKROOT; };
		1437BF0D2327806E003D1DB3 /* libc++.tbd */ = {isa = PBXFileReference; lastKnownFileType = "sourcecode.text-based-dylib-definition"; name = "libc++.tbd"; path = "usr/lib/libc++.tbd"; sourceTree = SDKROOT; };
		1447F01823190B8A001786F4 /* FCLive.app */ = {isa = PBXFileReference; explicitFileType = wrapper.application; includeInIndex = 0; path = FCLive.app; sourceTree = BUILT_PRODUCTS_DIR; };
		1447F01B23190B8A001786F4 /* AppDelegate.h */ = {isa = PBXFileReference; lastKnownFileType = sourcecode.c.h; path = AppDelegate.h; sourceTree = "<group>"; };
		1447F01C23190B8A001786F4 /* AppDelegate.m */ = {isa = PBXFileReference; lastKnownFileType = sourcecode.c.objc; path = AppDelegate.m; sourceTree = "<group>"; };
		1447F01E23190B8A001786F4 /* ViewController.h */ = {isa = PBXFileReference; lastKnownFileType = sourcecode.c.h; path = ViewController.h; sourceTree = "<group>"; };
		1447F01F23190B8A001786F4 /* ViewController.m */ = {isa = PBXFileReference; lastKnownFileType = sourcecode.c.objc; path = ViewController.m; sourceTree = "<group>"; };
		1447F02223190B8A001786F4 /* Base */ = {isa = PBXFileReference; lastKnownFileType = file.storyboard; name = Base; path = Base.lproj/Main.storyboard; sourceTree = "<group>"; };
		1447F02423190B8F001786F4 /* Assets.xcassets */ = {isa = PBXFileReference; lastKnownFileType = folder.assetcatalog; path = Assets.xcassets; sourceTree = "<group>"; };
		1447F02723190B8F001786F4 /* Base */ = {isa = PBXFileReference; lastKnownFileType = file.storyboard; name = Base; path = Base.lproj/LaunchScreen.storyboard; sourceTree = "<group>"; };
		1447F02923190B8F001786F4 /* Info.plist */ = {isa = PBXFileReference; lastKnownFileType = text.plist.xml; path = Info.plist; sourceTree = "<group>"; };
		1447F02A23190B8F001786F4 /* main.m */ = {isa = PBXFileReference; lastKnownFileType = sourcecode.c.objc; path = main.m; sourceTree = "<group>"; };
		1447F03123191044001786F4 /* FCRecordViewController.h */ = {isa = PBXFileReference; lastKnownFileType = sourcecode.c.h; path = FCRecordViewController.h; sourceTree = "<group>"; };
		1447F03223191044001786F4 /* FCRecordViewController.m */ = {isa = PBXFileReference; lastKnownFileType = sourcecode.c.objc; path = FCRecordViewController.m; sourceTree = "<group>"; };
		1447F036231939C3001786F4 /* FCRecordViewController.xib */ = {isa = PBXFileReference; lastKnownFileType = file.xib; path = FCRecordViewController.xib; sourceTree = "<group>"; };
		4D82C122A2EB76A0AE1C898F /* Pods_FCLive.framework */ = {isa = PBXFileReference; explicitFileType = wrapper.framework; includeInIndex = 0; path = Pods_FCLive.framework; sourceTree = BUILT_PRODUCTS_DIR; };
		4EEA4AE9231A0AD600090EC7 /* UIColor+Category.m */ = {isa = PBXFileReference; lastKnownFileType = sourcecode.c.objc; path = "UIColor+Category.m"; sourceTree = "<group>"; };
		4EEA4AEA231A0AD600090EC7 /* UIColor+Category.h */ = {isa = PBXFileReference; lastKnownFileType = sourcecode.c.h; path = "UIColor+Category.h"; sourceTree = "<group>"; };
		4EEA4AEC231BC35C00090EC7 /* FCGPURecordViewController.h */ = {isa = PBXFileReference; lastKnownFileType = sourcecode.c.h; path = FCGPURecordViewController.h; sourceTree = "<group>"; };
		4EEA4AED231BC35C00090EC7 /* FCGPURecordViewController.m */ = {isa = PBXFileReference; lastKnownFileType = sourcecode.c.objc; path = FCGPURecordViewController.m; sourceTree = "<group>"; };
		4EEA4AEE231BC35C00090EC7 /* FCGPURecordViewController.xib */ = {isa = PBXFileReference; lastKnownFileType = file.xib; path = FCGPURecordViewController.xib; sourceTree = "<group>"; };
		86A4FE3BE3AEBE5C29D91A04 /* Pods-FCLive.debug.xcconfig */ = {isa = PBXFileReference; includeInIndex = 1; lastKnownFileType = text.xcconfig; name = "Pods-FCLive.debug.xcconfig"; path = "Target Support Files/Pods-FCLive/Pods-FCLive.debug.xcconfig"; sourceTree = "<group>"; };
/* End PBXFileReference section */

/* Begin PBXFrameworksBuildPhase section */
		1447F01523190B8A001786F4 /* Frameworks */ = {
			isa = PBXFrameworksBuildPhase;
			buildActionMask = 2147483647;
			files = (
				1437BF0E2327806E003D1DB3 /* libc++.tbd in Frameworks */,
				1437BF0C23277FD9003D1DB3 /* QuartzCore.framework in Frameworks */,
				1437BF0A23277FC4003D1DB3 /* CoreGraphics.framework in Frameworks */,
				1437BF0823277F99003D1DB3 /* MobileCoreServices.framework in Frameworks */,
				1437BF0623277F8D003D1DB3 /* MediaPlayer.framework in Frameworks */,
				1437BF0423277F5B003D1DB3 /* libz.tbd in Frameworks */,
				1437BF0223277F54003D1DB3 /* libbz2.tbd in Frameworks */,
				1437BF0023277F40003D1DB3 /* CoreVideo.framework in Frameworks */,
				1437BEFE23277F38003D1DB3 /* CoreMedia.framework in Frameworks */,
				1437BEFC23277F2C003D1DB3 /* AVFoundation.framework in Frameworks */,
				1437BEFA23277F08003D1DB3 /* VideoToolbox.framework in Frameworks */,
				1437BEF823277EF6003D1DB3 /* OpenGLES.framework in Frameworks */,
				1437BEF623277EE3003D1DB3 /* AudioToolbox.framework in Frameworks */,
				1437BEEF23277AAA003D1DB3 /* IJKMediaFramework.framework in Frameworks */,
				73190F619DED51EBA1C89658 /* Pods_FCLive.framework in Frameworks */,
			);
			runOnlyForDeploymentPostprocessing = 0;
		};
/* End PBXFrameworksBuildPhase section */

/* Begin PBXGroup section */
		1437BEE2232779F6003D1DB3 /* Products */ = {
			isa = PBXGroup;
			children = (
				1437BEE8232779F7003D1DB3 /* IJKMediaFramework.framework */,
				1437BEEA232779F7003D1DB3 /* IJKMediaFrameworkWithSSL.framework */,
				1437BEEC232779F7003D1DB3 /* IJKMediaFrameworkTests.xctest */,
			);
			name = Products;
			sourceTree = "<group>";
		};
		1447F00F23190B8A001786F4 = {
			isa = PBXGroup;
			children = (
				1437BEE1232779F6003D1DB3 /* IJKMediaPlayer.xcodeproj */,
				1447F01A23190B8A001786F4 /* FCLive */,
				1447F01923190B8A001786F4 /* Products */,
				3D9ABEF70EA26EA3D52EE3EA /* Pods */,
				5E9C456A065358C8511F1A31 /* Frameworks */,
			);
			sourceTree = "<group>";
		};
		1447F01923190B8A001786F4 /* Products */ = {
			isa = PBXGroup;
			children = (
				1447F01823190B8A001786F4 /* FCLive.app */,
			);
			name = Products;
			sourceTree = "<group>";
		};
		1447F01A23190B8A001786F4 /* FCLive */ = {
			isa = PBXGroup;
			children = (
				1447F01B23190B8A001786F4 /* AppDelegate.h */,
				1447F01C23190B8A001786F4 /* AppDelegate.m */,
				1447F01E23190B8A001786F4 /* ViewController.h */,
				1447F01F23190B8A001786F4 /* ViewController.m */,
				1447F02123190B8A001786F4 /* Main.storyboard */,
				1447F03123191044001786F4 /* FCRecordViewController.h */,
				1447F03223191044001786F4 /* FCRecordViewController.m */,
				1447F036231939C3001786F4 /* FCRecordViewController.xib */,
				4EEA4AEC231BC35C00090EC7 /* FCGPURecordViewController.h */,
				4EEA4AED231BC35C00090EC7 /* FCGPURecordViewController.m */,
				4EEA4AEE231BC35C00090EC7 /* FCGPURecordViewController.xib */,
				1437BEF023277BC8003D1DB3 /* FCPlayerViewController.h */,
				1437BEF123277BC8003D1DB3 /* FCPlayerViewController.m */,
				1437BEF223277BC8003D1DB3 /* FCPlayerViewController.xib */,
				4EEA4AEA231A0AD600090EC7 /* UIColor+Category.h */,
				4EEA4AE9231A0AD600090EC7 /* UIColor+Category.m */,
				1447F02423190B8F001786F4 /* Assets.xcassets */,
				1447F02623190B8F001786F4 /* LaunchScreen.storyboard */,
				1447F02923190B8F001786F4 /* Info.plist */,
				1447F02A23190B8F001786F4 /* main.m */,
			);
			path = FCLive;
			sourceTree = "<group>";
		};
		3D9ABEF70EA26EA3D52EE3EA /* Pods */ = {
			isa = PBXGroup;
			children = (
				86A4FE3BE3AEBE5C29D91A04 /* Pods-FCLive.debug.xcconfig */,
				05E79ABDF16E235A2FA103FC /* Pods-FCLive.release.xcconfig */,
			);
			path = Pods;
			sourceTree = "<group>";
		};
		5E9C456A065358C8511F1A31 /* Frameworks */ = {
			isa = PBXGroup;
			children = (
				1437BF0D2327806E003D1DB3 /* libc++.tbd */,
				1437BF0B23277FD9003D1DB3 /* QuartzCore.framework */,
				1437BF0923277FC4003D1DB3 /* CoreGraphics.framework */,
				1437BF0723277F99003D1DB3 /* MobileCoreServices.framework */,
				1437BF0523277F8C003D1DB3 /* MediaPlayer.framework */,
				1437BF0323277F5B003D1DB3 /* libz.tbd */,
				1437BF0123277F54003D1DB3 /* libbz2.tbd */,
				1437BEFF23277F40003D1DB3 /* CoreVideo.framework */,
				1437BEFD23277F38003D1DB3 /* CoreMedia.framework */,
				1437BEFB23277F2C003D1DB3 /* AVFoundation.framework */,
				1437BEF923277F08003D1DB3 /* VideoToolbox.framework */,
				1437BEF723277EF6003D1DB3 /* OpenGLES.framework */,
				1437BEF523277EE3003D1DB3 /* AudioToolbox.framework */,
				4D82C122A2EB76A0AE1C898F /* Pods_FCLive.framework */,
			);
			name = Frameworks;
			sourceTree = "<group>";
		};
/* End PBXGroup section */

/* Begin PBXNativeTarget section */
		1447F01723190B8A001786F4 /* FCLive */ = {
			isa = PBXNativeTarget;
			buildConfigurationList = 1447F02E23190B8F001786F4 /* Build configuration list for PBXNativeTarget "FCLive" */;
			buildPhases = (
				59B8900E44CAFEBE7EDBC581 /* [CP] Check Pods Manifest.lock */,
				1447F01423190B8A001786F4 /* Sources */,
				1447F01523190B8A001786F4 /* Frameworks */,
				1447F01623190B8A001786F4 /* Resources */,
				128B34B0BBF1E8FC5EADA194 /* [CP] Embed Pods Frameworks */,
			);
			buildRules = (
			);
			dependencies = (
				1437BEEE23277A92003D1DB3 /* PBXTargetDependency */,
			);
			name = FCLive;
			productName = FCLive;
			productReference = 1447F01823190B8A001786F4 /* FCLive.app */;
			productType = "com.apple.product-type.application";
		};
/* End PBXNativeTarget section */

/* Begin PBXProject section */
		1447F01023190B8A001786F4 /* Project object */ = {
			isa = PBXProject;
			attributes = {
				LastUpgradeCheck = 1020;
				ORGANIZATIONNAME = "Zhijia Zhong";
				TargetAttributes = {
					1447F01723190B8A001786F4 = {
						CreatedOnToolsVersion = 10.2;
					};
				};
			};
			buildConfigurationList = 1447F01323190B8A001786F4 /* Build configuration list for PBXProject "FCLive" */;
			compatibilityVersion = "Xcode 9.3";
			developmentRegion = en;
			hasScannedForEncodings = 0;
			knownRegions = (
				en,
				Base,
			);
			mainGroup = 1447F00F23190B8A001786F4;
			productRefGroup = 1447F01923190B8A001786F4 /* Products */;
			projectDirPath = "";
			projectReferences = (
				{
					ProductGroup = 1437BEE2232779F6003D1DB3 /* Products */;
					ProjectRef = 1437BEE1232779F6003D1DB3 /* IJKMediaPlayer.xcodeproj */;
				},
			);
			projectRoot = "";
			targets = (
				1447F01723190B8A001786F4 /* FCLive */,
			);
		};
/* End PBXProject section */

/* Begin PBXReferenceProxy section */
		1437BEE8232779F7003D1DB3 /* IJKMediaFramework.framework */ = {
			isa = PBXReferenceProxy;
			fileType = wrapper.framework;
			path = IJKMediaFramework.framework;
			remoteRef = 1437BEE7232779F7003D1DB3 /* PBXContainerItemProxy */;
			sourceTree = BUILT_PRODUCTS_DIR;
		};
		1437BEEA232779F7003D1DB3 /* IJKMediaFrameworkWithSSL.framework */ = {
			isa = PBXReferenceProxy;
			fileType = wrapper.framework;
			path = IJKMediaFrameworkWithSSL.framework;
			remoteRef = 1437BEE9232779F7003D1DB3 /* PBXContainerItemProxy */;
			sourceTree = BUILT_PRODUCTS_DIR;
		};
		1437BEEC232779F7003D1DB3 /* IJKMediaFrameworkTests.xctest */ = {
			isa = PBXReferenceProxy;
			fileType = wrapper.cfbundle;
			path = IJKMediaFrameworkTests.xctest;
			remoteRef = 1437BEEB232779F7003D1DB3 /* PBXContainerItemProxy */;
			sourceTree = BUILT_PRODUCTS_DIR;
		};
/* End PBXReferenceProxy section */

/* Begin PBXResourcesBuildPhase section */
		1447F01623190B8A001786F4 /* Resources */ = {
			isa = PBXResourcesBuildPhase;
			buildActionMask = 2147483647;
			files = (
				1437BEF423277BC8003D1DB3 /* FCPlayerViewController.xib in Resources */,
				1447F02823190B8F001786F4 /* LaunchScreen.storyboard in Resources */,
				1447F02523190B8F001786F4 /* Assets.xcassets in Resources */,
				4EEA4AF0231BC35C00090EC7 /* FCGPURecordViewController.xib in Resources */,
				1447F037231939C3001786F4 /* FCRecordViewController.xib in Resources */,
				1447F02323190B8A001786F4 /* Main.storyboard in Resources */,
			);
			runOnlyForDeploymentPostprocessing = 0;
		};
/* End PBXResourcesBuildPhase section */

/* Begin PBXShellScriptBuildPhase section */
		128B34B0BBF1E8FC5EADA194 /* [CP] Embed Pods Frameworks */ = {
			isa = PBXShellScriptBuildPhase;
			buildActionMask = 2147483647;
			files = (
			);
			inputFileListPaths = (
				"${PODS_ROOT}/Target Support Files/Pods-FCLive/Pods-FCLive-frameworks-${CONFIGURATION}-input-files.xcfilelist",
			);
			name = "[CP] Embed Pods Frameworks";
			outputFileListPaths = (
				"${PODS_ROOT}/Target Support Files/Pods-FCLive/Pods-FCLive-frameworks-${CONFIGURATION}-output-files.xcfilelist",
			);
			runOnlyForDeploymentPostprocessing = 0;
			shellPath = /bin/sh;
			shellScript = "\"${PODS_ROOT}/Target Support Files/Pods-FCLive/Pods-FCLive-frameworks.sh\"\n";
			showEnvVarsInLog = 0;
		};
		59B8900E44CAFEBE7EDBC581 /* [CP] Check Pods Manifest.lock */ = {
			isa = PBXShellScriptBuildPhase;
			buildActionMask = 2147483647;
			files = (
			);
			inputFileListPaths = (
			);
			inputPaths = (
				"${PODS_PODFILE_DIR_PATH}/Podfile.lock",
				"${PODS_ROOT}/Manifest.lock",
			);
			name = "[CP] Check Pods Manifest.lock";
			outputFileListPaths = (
			);
			outputPaths = (
				"$(DERIVED_FILE_DIR)/Pods-FCLive-checkManifestLockResult.txt",
			);
			runOnlyForDeploymentPostprocessing = 0;
			shellPath = /bin/sh;
			shellScript = "diff \"${PODS_PODFILE_DIR_PATH}/Podfile.lock\" \"${PODS_ROOT}/Manifest.lock\" > /dev/null\nif [ $? != 0 ] ; then\n    # print error to STDERR\n    echo \"error: The sandbox is not in sync with the Podfile.lock. Run 'pod install' or update your CocoaPods installation.\" >&2\n    exit 1\nfi\n# This output is used by Xcode 'outputs' to avoid re-running this script phase.\necho \"SUCCESS\" > \"${SCRIPT_OUTPUT_FILE_0}\"\n";
			showEnvVarsInLog = 0;
		};
/* End PBXShellScriptBuildPhase section */

/* Begin PBXSourcesBuildPhase section */
		1447F01423190B8A001786F4 /* Sources */ = {
			isa = PBXSourcesBuildPhase;
			buildActionMask = 2147483647;
			files = (
				1437BEF323277BC8003D1DB3 /* FCPlayerViewController.m in Sources */,
				1447F02023190B8A001786F4 /* ViewController.m in Sources */,
				1447F02B23190B8F001786F4 /* main.m in Sources */,
				1447F03423191044001786F4 /* FCRecordViewController.m in Sources */,
				4EEA4AEF231BC35C00090EC7 /* FCGPURecordViewController.m in Sources */,
				1447F01D23190B8A001786F4 /* AppDelegate.m in Sources */,
				4EEA4AEB231A0AD700090EC7 /* UIColor+Category.m in Sources */,
			);
			runOnlyForDeploymentPostprocessing = 0;
		};
/* End PBXSourcesBuildPhase section */

/* Begin PBXTargetDependency section */
		1437BEEE23277A92003D1DB3 /* PBXTargetDependency */ = {
			isa = PBXTargetDependency;
			name = IJKMediaFramework;
			targetProxy = 1437BEED23277A92003D1DB3 /* PBXContainerItemProxy */;
		};
/* End PBXTargetDependency section */

/* Begin PBXVariantGroup section */
		1447F02123190B8A001786F4 /* Main.storyboard */ = {
			isa = PBXVariantGroup;
			children = (
				1447F02223190B8A001786F4 /* Base */,
			);
			name = Main.storyboard;
			sourceTree = "<group>";
		};
		1447F02623190B8F001786F4 /* LaunchScreen.storyboard */ = {
			isa = PBXVariantGroup;
			children = (
				1447F02723190B8F001786F4 /* Base */,
			);
			name = LaunchScreen.storyboard;
			sourceTree = "<group>";
		};
/* End PBXVariantGroup section */

/* Begin XCBuildConfiguration section */
		1447F02C23190B8F001786F4 /* Debug */ = {
			isa = XCBuildConfiguration;
			buildSettings = {
				ALWAYS_SEARCH_USER_PATHS = NO;
				CLANG_ANALYZER_NONNULL = YES;
				CLANG_ANALYZER_NUMBER_OBJECT_CONVERSION = YES_AGGRESSIVE;
				CLANG_CXX_LANGUAGE_STANDARD = "gnu++14";
				CLANG_CXX_LIBRARY = "libc++";
				CLANG_ENABLE_MODULES = YES;
				CLANG_ENABLE_OBJC_ARC = YES;
				CLANG_ENABLE_OBJC_WEAK = YES;
				CLANG_WARN_BLOCK_CAPTURE_AUTORELEASING = YES;
				CLANG_WARN_BOOL_CONVERSION = YES;
				CLANG_WARN_COMMA = YES;
				CLANG_WARN_CONSTANT_CONVERSION = YES;
				CLANG_WARN_DEPRECATED_OBJC_IMPLEMENTATIONS = YES;
				CLANG_WARN_DIRECT_OBJC_ISA_USAGE = YES_ERROR;
				CLANG_WARN_DOCUMENTATION_COMMENTS = YES;
				CLANG_WARN_EMPTY_BODY = YES;
				CLANG_WARN_ENUM_CONVERSION = YES;
				CLANG_WARN_INFINITE_RECURSION = YES;
				CLANG_WARN_INT_CONVERSION = YES;
				CLANG_WARN_NON_LITERAL_NULL_CONVERSION = YES;
				CLANG_WARN_OBJC_IMPLICIT_RETAIN_SELF = YES;
				CLANG_WARN_OBJC_LITERAL_CONVERSION = YES;
				CLANG_WARN_OBJC_ROOT_CLASS = YES_ERROR;
				CLANG_WARN_RANGE_LOOP_ANALYSIS = YES;
				CLANG_WARN_STRICT_PROTOTYPES = YES;
				CLANG_WARN_SUSPICIOUS_MOVE = YES;
				CLANG_WARN_UNGUARDED_AVAILABILITY = YES_AGGRESSIVE;
				CLANG_WARN_UNREACHABLE_CODE = YES;
				CLANG_WARN__DUPLICATE_METHOD_MATCH = YES;
				CODE_SIGN_IDENTITY = "iPhone Developer";
				COPY_PHASE_STRIP = NO;
				DEBUG_INFORMATION_FORMAT = dwarf;
				ENABLE_STRICT_OBJC_MSGSEND = YES;
				ENABLE_TESTABILITY = YES;
				GCC_C_LANGUAGE_STANDARD = gnu11;
				GCC_DYNAMIC_NO_PIC = NO;
				GCC_NO_COMMON_BLOCKS = YES;
				GCC_OPTIMIZATION_LEVEL = 0;
				GCC_PREPROCESSOR_DEFINITIONS = (
					"DEBUG=1",
					"$(inherited)",
				);
				GCC_WARN_64_TO_32_BIT_CONVERSION = YES;
				GCC_WARN_ABOUT_RETURN_TYPE = YES_ERROR;
				GCC_WARN_UNDECLARED_SELECTOR = YES;
				GCC_WARN_UNINITIALIZED_AUTOS = YES_AGGRESSIVE;
				GCC_WARN_UNUSED_FUNCTION = YES;
				GCC_WARN_UNUSED_VARIABLE = YES;
				IPHONEOS_DEPLOYMENT_TARGET = 12.2;
				MTL_ENABLE_DEBUG_INFO = INCLUDE_SOURCE;
				MTL_FAST_MATH = YES;
				ONLY_ACTIVE_ARCH = YES;
				SDKROOT = iphoneos;
			};
			name = Debug;
		};
		1447F02D23190B8F001786F4 /* Release */ = {
			isa = XCBuildConfiguration;
			buildSettings = {
				ALWAYS_SEARCH_USER_PATHS = NO;
				CLANG_ANALYZER_NONNULL = YES;
				CLANG_ANALYZER_NUMBER_OBJECT_CONVERSION = YES_AGGRESSIVE;
				CLANG_CXX_LANGUAGE_STANDARD = "gnu++14";
				CLANG_CXX_LIBRARY = "libc++";
				CLANG_ENABLE_MODULES = YES;
				CLANG_ENABLE_OBJC_ARC = YES;
				CLANG_ENABLE_OBJC_WEAK = YES;
				CLANG_WARN_BLOCK_CAPTURE_AUTORELEASING = YES;
				CLANG_WARN_BOOL_CONVERSION = YES;
				CLANG_WARN_COMMA = YES;
				CLANG_WARN_CONSTANT_CONVERSION = YES;
				CLANG_WARN_DEPRECATED_OBJC_IMPLEMENTATIONS = YES;
				CLANG_WARN_DIRECT_OBJC_ISA_USAGE = YES_ERROR;
				CLANG_WARN_DOCUMENTATION_COMMENTS = YES;
				CLANG_WARN_EMPTY_BODY = YES;
				CLANG_WARN_ENUM_CONVERSION = YES;
				CLANG_WARN_INFINITE_RECURSION = YES;
				CLANG_WARN_INT_CONVERSION = YES;
				CLANG_WARN_NON_LITERAL_NULL_CONVERSION = YES;
				CLANG_WARN_OBJC_IMPLICIT_RETAIN_SELF = YES;
				CLANG_WARN_OBJC_LITERAL_CONVERSION = YES;
				CLANG_WARN_OBJC_ROOT_CLASS = YES_ERROR;
				CLANG_WARN_RANGE_LOOP_ANALYSIS = YES;
				CLANG_WARN_STRICT_PROTOTYPES = YES;
				CLANG_WARN_SUSPICIOUS_MOVE = YES;
				CLANG_WARN_UNGUARDED_AVAILABILITY = YES_AGGRESSIVE;
				CLANG_WARN_UNREACHABLE_CODE = YES;
				CLANG_WARN__DUPLICATE_METHOD_MATCH = YES;
				CODE_SIGN_IDENTITY = "iPhone Developer";
				COPY_PHASE_STRIP = NO;
				DEBUG_INFORMATION_FORMAT = "dwarf-with-dsym";
				ENABLE_NS_ASSERTIONS = NO;
				ENABLE_STRICT_OBJC_MSGSEND = YES;
				GCC_C_LANGUAGE_STANDARD = gnu11;
				GCC_NO_COMMON_BLOCKS = YES;
				GCC_WARN_64_TO_32_BIT_CONVERSION = YES;
				GCC_WARN_ABOUT_RETURN_TYPE = YES_ERROR;
				GCC_WARN_UNDECLARED_SELECTOR = YES;
				GCC_WARN_UNINITIALIZED_AUTOS = YES_AGGRESSIVE;
				GCC_WARN_UNUSED_FUNCTION = YES;
				GCC_WARN_UNUSED_VARIABLE = YES;
				IPHONEOS_DEPLOYMENT_TARGET = 12.2;
				MTL_ENABLE_DEBUG_INFO = NO;
				MTL_FAST_MATH = YES;
				SDKROOT = iphoneos;
				VALIDATE_PRODUCT = YES;
			};
			name = Release;
		};
		1447F02F23190B8F001786F4 /* Debug */ = {
			isa = XCBuildConfiguration;
			baseConfigurationReference = 86A4FE3BE3AEBE5C29D91A04 /* Pods-FCLive.debug.xcconfig */;
			buildSettings = {
				ASSETCATALOG_COMPILER_APPICON_NAME = AppIcon;
				CODE_SIGN_STYLE = Automatic;
				DEVELOPMENT_TEAM = NYSZ424BL3;
				INFOPLIST_FILE = FCLive/Info.plist;
				IPHONEOS_DEPLOYMENT_TARGET = 9.0;
				LD_RUNPATH_SEARCH_PATHS = (
					"$(inherited)",
					"@executable_path/Frameworks",
				);
				PRODUCT_BUNDLE_IDENTIFIER = com.zzj.FCLive;
				PRODUCT_NAME = "$(TARGET_NAME)";
				TARGETED_DEVICE_FAMILY = "1,2";
			};
			name = Debug;
		};
		1447F03023190B8F001786F4 /* Release */ = {
			isa = XCBuildConfiguration;
			baseConfigurationReference = 05E79ABDF16E235A2FA103FC /* Pods-FCLive.release.xcconfig */;
			buildSettings = {
				ASSETCATALOG_COMPILER_APPICON_NAME = AppIcon;
				CODE_SIGN_STYLE = Automatic;
				DEVELOPMENT_TEAM = NYSZ424BL3;
				INFOPLIST_FILE = FCLive/Info.plist;
				IPHONEOS_DEPLOYMENT_TARGET = 9.0;
				LD_RUNPATH_SEARCH_PATHS = (
					"$(inherited)",
					"@executable_path/Frameworks",
				);
				PRODUCT_BUNDLE_IDENTIFIER = com.zzj.FCLive;
				PRODUCT_NAME = "$(TARGET_NAME)";
				TARGETED_DEVICE_FAMILY = "1,2";
			};
			name = Release;
		};
/* End XCBuildConfiguration section */

/* Begin XCConfigurationList section */
		1447F01323190B8A001786F4 /* Build configuration list for PBXProject "FCLive" */ = {
			isa = XCConfigurationList;
			buildConfigurations = (
				1447F02C23190B8F001786F4 /* Debug */,
				1447F02D23190B8F001786F4 /* Release */,
			);
			defaultConfigurationIsVisible = 0;
			defaultConfigurationName = Release;
		};
		1447F02E23190B8F001786F4 /* Build configuration list for PBXNativeTarget "FCLive" */ = {
			isa = XCConfigurationList;
			buildConfigurations = (
				1447F02F23190B8F001786F4 /* Debug */,
				1447F03023190B8F001786F4 /* Release */,
			);
			defaultConfigurationIsVisible = 0;
			defaultConfigurationName = Release;
		};
/* End XCConfigurationList section */
	};
	rootObject = 1447F01023190B8A001786F4 /* Project object */;
}
